
Microsoft Visual Studio Solution File, Format Version 12.00
# Visual Studio Version 17
VisualStudioVersion = 17.4.33205.214
MinimumVisualStudioVersion = 10.0.40219.1
Project("{FAE04EC0-301F-11D3-BF4B-00C04F79EFBC}") = "PeriodicGrade", "PeriodicGrade\PeriodicGrade.csproj", "{C366ACE5-8A24-4076-A29F-8D0E9D5750EF}"
EndProject
Global
	GlobalSection(SolutionConfigurationPlatforms) = preSolution
		Debug|Any CPU = Debug|Any CPU
		Release|Any CPU = Release|Any CPU
	EndGlobalSection
	GlobalSection(ProjectConfigurationPlatforms) = postSolution
		{C366ACE5-8A24-4076-A29F-8D0E9D5750EF}.Debug|Any CPU.ActiveCfg = Debug|Any CPU
		{C366ACE5-8A24-4076-A29F-8D0E9D5750EF}.Debug|Any CPU.Build.0 = Debug|Any CPU
		{C366ACE5-8A24-4076-A29F-8D0E9D5750EF}.Release|Any CPU.ActiveCfg = Release|Any CPU
		{C366ACE5-8A24-4076-A29F-8D0E9D5750EF}.Release|Any CPU.Build.0 = Release|Any CPU
	EndGlobalSection
	GlobalSection(SolutionProperties) = preSolution
		HideSolutionNode = FALSE
	EndGlobalSection
	GlobalSection(ExtensibilityGlobals) = postSolution
		SolutionGuid = {5B51C1F6-445D-4F2C-87F3-91298D4FEE42}
	EndGlobalSection
EndGlobal
